
Microsoft Visual Studio Solution File, Format Version 12.00
# Visual Studio 2013
VisualStudioVersion = 12.0.30501.0
MinimumVisualStudioVersion = 10.0.40219.1
Project("{FAE04EC0-301F-11D3-BF4B-00C04F79EFBC}") = "HL7Broker", "HL7Broker\HL7Broker.csproj", "{20A5F8E8-57AC-4C20-973F-71A65A0F6047}"
	ProjectSection(ProjectDependencies) = postProject
		{460990FB-F830-4F52-A119-1CEB1CDAD6C3} = {460990FB-F830-4F52-A119-1CEB1CDAD6C3}
	EndProjectSection
EndProject
Project("{FAE04EC0-301F-11D3-BF4B-00C04F79EFBC}") = "HL7BrokerSuite", "HL7BrokerSuite\HL7BrokerSuite.csproj", "{460990FB-F830-4F52-A119-1CEB1CDAD6C3}"
EndProject
Project("{FAE04EC0-301F-11D3-BF4B-00C04F79EFBC}") = "HL7BrokerConsoleTest", "HL7BrokerConsoleTest\HL7BrokerConsoleTest.csproj", "{6443E63E-E239-475D-9CD4-6CAC6611A34A}"
	ProjectSection(ProjectDependencies) = postProject
		{460990FB-F830-4F52-A119-1CEB1CDAD6C3} = {460990FB-F830-4F52-A119-1CEB1CDAD6C3}
	EndProjectSection
EndProject
Project("{00D1A9C2-B5F0-4AF3-8072-F6C62B433612}") = "SHIELDS_INTERFACE_BROKER", "SHIELDS_INTERFACE_BROKER\SHIELDS_INTERFACE_BROKER.sqlproj", "{8791EF1A-BCFE-4A49-BB5D-CC45569DD9CB}"
EndProject
Project("{FAE04EC0-301F-11D3-BF4B-00C04F79EFBC}") = "HL7BrokerWeb", "HL7BrokerWeb\HL7BrokerWeb.csproj", "{80645896-32FE-4246-91E8-0DD99DB6537D}"
	ProjectSection(ProjectDependencies) = postProject
		{460990FB-F830-4F52-A119-1CEB1CDAD6C3} = {460990FB-F830-4F52-A119-1CEB1CDAD6C3}
	EndProjectSection
EndProject
Project("{2150E333-8FDC-42A3-9474-1A3956D46DE8}") = ".nuget", ".nuget", "{B842D62D-65AF-4BC3-8B8C-9B427380DE68}"
	ProjectSection(SolutionItems) = preProject
		.nuget\NuGet.Config = .nuget\NuGet.Config
		.nuget\NuGet.exe = .nuget\NuGet.exe
		.nuget\NuGet.targets = .nuget\NuGet.targets
	EndProjectSection
EndProject
Project("{FAE04EC0-301F-11D3-BF4B-00C04F79EFBC}") = "HL7Importer", "HL7Importer\HL7Importer.csproj", "{97BF9C32-1F63-41E5-93BD-468F14B6EE45}"
EndProject
Global
	GlobalSection(SolutionConfigurationPlatforms) = preSolution
		Debug|Any CPU = Debug|Any CPU
		Debug|Mixed Platforms = Debug|Mixed Platforms
		Debug|x64 = Debug|x64
		Development|Any CPU = Development|Any CPU
		Development|Mixed Platforms = Development|Mixed Platforms
		Development|x64 = Development|x64
		Production|Any CPU = Production|Any CPU
		Production|Mixed Platforms = Production|Mixed Platforms
		Production|x64 = Production|x64
		Release|Any CPU = Release|Any CPU
		Release|Mixed Platforms = Release|Mixed Platforms
		Release|x64 = Release|x64
		Staging|Any CPU = Staging|Any CPU
		Staging|Mixed Platforms = Staging|Mixed Platforms
		Staging|x64 = Staging|x64
	EndGlobalSection
	GlobalSection(ProjectConfigurationPlatforms) = postSolution
		{20A5F8E8-57AC-4C20-973F-71A65A0F6047}.Debug|Any CPU.ActiveCfg = Debug|Any CPU
		{20A5F8E8-57AC-4C20-973F-71A65A0F6047}.Debug|Any CPU.Build.0 = Debug|Any CPU
		{20A5F8E8-57AC-4C20-973F-71A65A0F6047}.Debug|Mixed Platforms.ActiveCfg = Debug|Any CPU
		{20A5F8E8-57AC-4C20-973F-71A65A0F6047}.Debug|Mixed Platforms.Build.0 = Debug|Any CPU
		{20A5F8E8-57AC-4C20-973F-71A65A0F6047}.Debug|x64.ActiveCfg = Debug|x64
		{20A5F8E8-57AC-4C20-973F-71A65A0F6047}.Debug|x64.Build.0 = Debug|x64
		{20A5F8E8-57AC-4C20-973F-71A65A0F6047}.Development|Any CPU.ActiveCfg = Development|Any CPU
		{20A5F8E8-57AC-4C20-973F-71A65A0F6047}.Development|Any CPU.Build.0 = Development|Any CPU
		{20A5F8E8-57AC-4C20-973F-71A65A0F6047}.Development|Mixed Platforms.ActiveCfg = Development|Any CPU
		{20A5F8E8-57AC-4C20-973F-71A65A0F6047}.Development|Mixed Platforms.Build.0 = Development|Any CPU
		{20A5F8E8-57AC-4C20-973F-71A65A0F6047}.Development|x64.ActiveCfg = Development|x64
		{20A5F8E8-57AC-4C20-973F-71A65A0F6047}.Development|x64.Build.0 = Development|x64
		{20A5F8E8-57AC-4C20-973F-71A65A0F6047}.Production|Any CPU.ActiveCfg = Production|Any CPU
		{20A5F8E8-57AC-4C20-973F-71A65A0F6047}.Production|Any CPU.Build.0 = Production|Any CPU
		{20A5F8E8-57AC-4C20-973F-71A65A0F6047}.Production|Mixed Platforms.ActiveCfg = Production|Any CPU
		{20A5F8E8-57AC-4C20-973F-71A65A0F6047}.Production|Mixed Platforms.Build.0 = Production|Any CPU
		{20A5F8E8-57AC-4C20-973F-71A65A0F6047}.Production|x64.ActiveCfg = Production|x64
		{20A5F8E8-57AC-4C20-973F-71A65A0F6047}.Production|x64.Build.0 = Production|x64
		{20A5F8E8-57AC-4C20-973F-71A65A0F6047}.Release|Any CPU.ActiveCfg = Release|Any CPU
		{20A5F8E8-57AC-4C20-973F-71A65A0F6047}.Release|Any CPU.Build.0 = Release|Any CPU
		{20A5F8E8-57AC-4C20-973F-71A65A0F6047}.Release|Any CPU.Deploy.0 = Release|Any CPU
		{20A5F8E8-57AC-4C20-973F-71A65A0F6047}.Release|Mixed Platforms.ActiveCfg = Release|x64
		{20A5F8E8-57AC-4C20-973F-71A65A0F6047}.Release|Mixed Platforms.Build.0 = Release|x64
		{20A5F8E8-57AC-4C20-973F-71A65A0F6047}.Release|x64.ActiveCfg = Release|x64
		{20A5F8E8-57AC-4C20-973F-71A65A0F6047}.Release|x64.Build.0 = Release|x64
		{20A5F8E8-57AC-4C20-973F-71A65A0F6047}.Release|x64.Deploy.0 = Release|x64
		{20A5F8E8-57AC-4C20-973F-71A65A0F6047}.Staging|Any CPU.ActiveCfg = Staging|Any CPU
		{20A5F8E8-57AC-4C20-973F-71A65A0F6047}.Staging|Any CPU.Build.0 = Staging|Any CPU
		{20A5F8E8-57AC-4C20-973F-71A65A0F6047}.Staging|Mixed Platforms.ActiveCfg = Staging|Any CPU
		{20A5F8E8-57AC-4C20-973F-71A65A0F6047}.Staging|Mixed Platforms.Build.0 = Staging|Any CPU
		{20A5F8E8-57AC-4C20-973F-71A65A0F6047}.Staging|x64.ActiveCfg = Staging|x64
		{20A5F8E8-57AC-4C20-973F-71A65A0F6047}.Staging|x64.Build.0 = Staging|x64
		{460990FB-F830-4F52-A119-1CEB1CDAD6C3}.Debug|Any CPU.ActiveCfg = Debug|Any CPU
		{460990FB-F830-4F52-A119-1CEB1CDAD6C3}.Debug|Any CPU.Build.0 = Debug|Any CPU
		{460990FB-F830-4F52-A119-1CEB1CDAD6C3}.Debug|Mixed Platforms.ActiveCfg = Debug|Any CPU
		{460990FB-F830-4F52-A119-1CEB1CDAD6C3}.Debug|Mixed Platforms.Build.0 = Debug|Any CPU
		{460990FB-F830-4F52-A119-1CEB1CDAD6C3}.Debug|x64.ActiveCfg = Debug|x64
		{460990FB-F830-4F52-A119-1CEB1CDAD6C3}.Debug|x64.Build.0 = Debug|x64
		{460990FB-F830-4F52-A119-1CEB1CDAD6C3}.Development|Any CPU.ActiveCfg = Debug|Any CPU
		{460990FB-F830-4F52-A119-1CEB1CDAD6C3}.Development|Any CPU.Build.0 = Debug|Any CPU
		{460990FB-F830-4F52-A119-1CEB1CDAD6C3}.Development|Mixed Platforms.ActiveCfg = Debug|Any CPU
		{460990FB-F830-4F52-A119-1CEB1CDAD6C3}.Development|Mixed Platforms.Build.0 = Debug|Any CPU
		{460990FB-F830-4F52-A119-1CEB1CDAD6C3}.Development|x64.ActiveCfg = Debug|x64
		{460990FB-F830-4F52-A119-1CEB1CDAD6C3}.Development|x64.Build.0 = Debug|x64
		{460990FB-F830-4F52-A119-1CEB1CDAD6C3}.Production|Any CPU.ActiveCfg = Release|Any CPU
		{460990FB-F830-4F52-A119-1CEB1CDAD6C3}.Production|Any CPU.Build.0 = Release|Any CPU
		{460990FB-F830-4F52-A119-1CEB1CDAD6C3}.Production|Mixed Platforms.ActiveCfg = Release|Any CPU
		{460990FB-F830-4F52-A119-1CEB1CDAD6C3}.Production|Mixed Platforms.Build.0 = Release|Any CPU
		{460990FB-F830-4F52-A119-1CEB1CDAD6C3}.Production|x64.ActiveCfg = Release|x64
		{460990FB-F830-4F52-A119-1CEB1CDAD6C3}.Production|x64.Build.0 = Release|x64
		{460990FB-F830-4F52-A119-1CEB1CDAD6C3}.Release|Any CPU.ActiveCfg = Release|Any CPU
		{460990FB-F830-4F52-A119-1CEB1CDAD6C3}.Release|Any CPU.Build.0 = Release|Any CPU
		{460990FB-F830-4F52-A119-1CEB1CDAD6C3}.Release|Mixed Platforms.ActiveCfg = Release|x64
		{460990FB-F830-4F52-A119-1CEB1CDAD6C3}.Release|Mixed Platforms.Build.0 = Release|x64
		{460990FB-F830-4F52-A119-1CEB1CDAD6C3}.Release|x64.ActiveCfg = Release|x64
		{460990FB-F830-4F52-A119-1CEB1CDAD6C3}.Release|x64.Build.0 = Release|x64
		{460990FB-F830-4F52-A119-1CEB1CDAD6C3}.Release|x64.Deploy.0 = Release|x64
		{460990FB-F830-4F52-A119-1CEB1CDAD6C3}.Staging|Any CPU.ActiveCfg = Release|Any CPU
		{460990FB-F830-4F52-A119-1CEB1CDAD6C3}.Staging|Any CPU.Build.0 = Release|Any CPU
		{460990FB-F830-4F52-A119-1CEB1CDAD6C3}.Staging|Mixed Platforms.ActiveCfg = Debug|Any CPU
		{460990FB-F830-4F52-A119-1CEB1CDAD6C3}.Staging|Mixed Platforms.Build.0 = Debug|Any CPU
		{460990FB-F830-4F52-A119-1CEB1CDAD6C3}.Staging|x64.ActiveCfg = Release|x64
		{460990FB-F830-4F52-A119-1CEB1CDAD6C3}.Staging|x64.Build.0 = Release|x64
		{6443E63E-E239-475D-9CD4-6CAC6611A34A}.Debug|Any CPU.ActiveCfg = Debug|Any CPU
		{6443E63E-E239-475D-9CD4-6CAC6611A34A}.Debug|Any CPU.Build.0 = Debug|Any CPU
		{6443E63E-E239-475D-9CD4-6CAC6611A34A}.Debug|Mixed Platforms.ActiveCfg = Debug|Any CPU
		{6443E63E-E239-475D-9CD4-6CAC6611A34A}.Debug|Mixed Platforms.Build.0 = Debug|Any CPU
		{6443E63E-E239-475D-9CD4-6CAC6611A34A}.Debug|x64.ActiveCfg = Debug|x64
		{6443E63E-E239-475D-9CD4-6CAC6611A34A}.Debug|x64.Build.0 = Debug|x64
		{6443E63E-E239-475D-9CD4-6CAC6611A34A}.Development|Any CPU.ActiveCfg = Debug|Any CPU
		{6443E63E-E239-475D-9CD4-6CAC6611A34A}.Development|Any CPU.Build.0 = Debug|Any CPU
		{6443E63E-E239-475D-9CD4-6CAC6611A34A}.Development|Mixed Platforms.ActiveCfg = Debug|Any CPU
		{6443E63E-E239-475D-9CD4-6CAC6611A34A}.Development|Mixed Platforms.Build.0 = Debug|Any CPU
		{6443E63E-E239-475D-9CD4-6CAC6611A34A}.Development|x64.ActiveCfg = Debug|x64
		{6443E63E-E239-475D-9CD4-6CAC6611A34A}.Development|x64.Build.0 = Debug|x64
		{6443E63E-E239-475D-9CD4-6CAC6611A34A}.Production|Any CPU.ActiveCfg = Release|Any CPU
		{6443E63E-E239-475D-9CD4-6CAC6611A34A}.Production|Any CPU.Build.0 = Release|Any CPU
		{6443E63E-E239-475D-9CD4-6CAC6611A34A}.Production|Mixed Platforms.ActiveCfg = Release|Any CPU
		{6443E63E-E239-475D-9CD4-6CAC6611A34A}.Production|Mixed Platforms.Build.0 = Release|Any CPU
		{6443E63E-E239-475D-9CD4-6CAC6611A34A}.Production|x64.ActiveCfg = Release|x64
		{6443E63E-E239-475D-9CD4-6CAC6611A34A}.Production|x64.Build.0 = Release|x64
		{6443E63E-E239-475D-9CD4-6CAC6611A34A}.Release|Any CPU.ActiveCfg = Release|Any CPU
		{6443E63E-E239-475D-9CD4-6CAC6611A34A}.Release|Any CPU.Build.0 = Release|Any CPU
		{6443E63E-E239-475D-9CD4-6CAC6611A34A}.Release|Mixed Platforms.ActiveCfg = Release|Any CPU
		{6443E63E-E239-475D-9CD4-6CAC6611A34A}.Release|Mixed Platforms.Build.0 = Release|Any CPU
		{6443E63E-E239-475D-9CD4-6CAC6611A34A}.Release|x64.ActiveCfg = Release|Any CPU
		{6443E63E-E239-475D-9CD4-6CAC6611A34A}.Release|x64.Build.0 = Release|Any CPU
		{6443E63E-E239-475D-9CD4-6CAC6611A34A}.Staging|Any CPU.ActiveCfg = Release|Any CPU
		{6443E63E-E239-475D-9CD4-6CAC6611A34A}.Staging|Any CPU.Build.0 = Release|Any CPU
		{6443E63E-E239-475D-9CD4-6CAC6611A34A}.Staging|Mixed Platforms.ActiveCfg = Debug|Any CPU
		{6443E63E-E239-475D-9CD4-6CAC6611A34A}.Staging|Mixed Platforms.Build.0 = Debug|Any CPU
		{6443E63E-E239-475D-9CD4-6CAC6611A34A}.Staging|x64.ActiveCfg = Release|x64
		{6443E63E-E239-475D-9CD4-6CAC6611A34A}.Staging|x64.Build.0 = Release|x64
		{8791EF1A-BCFE-4A49-BB5D-CC45569DD9CB}.Debug|Any CPU.ActiveCfg = Debug|Any CPU
		{8791EF1A-BCFE-4A49-BB5D-CC45569DD9CB}.Debug|Any CPU.Build.0 = Debug|Any CPU
		{8791EF1A-BCFE-4A49-BB5D-CC45569DD9CB}.Debug|Any CPU.Deploy.0 = Debug|Any CPU
		{8791EF1A-BCFE-4A49-BB5D-CC45569DD9CB}.Debug|Mixed Platforms.ActiveCfg = Debug|Any CPU
		{8791EF1A-BCFE-4A49-BB5D-CC45569DD9CB}.Debug|Mixed Platforms.Build.0 = Debug|Any CPU
		{8791EF1A-BCFE-4A49-BB5D-CC45569DD9CB}.Debug|Mixed Platforms.Deploy.0 = Debug|Any CPU
		{8791EF1A-BCFE-4A49-BB5D-CC45569DD9CB}.Debug|x64.ActiveCfg = Debug|x64
		{8791EF1A-BCFE-4A49-BB5D-CC45569DD9CB}.Debug|x64.Build.0 = Debug|x64
		{8791EF1A-BCFE-4A49-BB5D-CC45569DD9CB}.Debug|x64.Deploy.0 = Debug|x64
		{8791EF1A-BCFE-4A49-BB5D-CC45569DD9CB}.Development|Any CPU.ActiveCfg = Debug|Any CPU
		{8791EF1A-BCFE-4A49-BB5D-CC45569DD9CB}.Development|Any CPU.Build.0 = Debug|Any CPU
		{8791EF1A-BCFE-4A49-BB5D-CC45569DD9CB}.Development|Any CPU.Deploy.0 = Debug|Any CPU
		{8791EF1A-BCFE-4A49-BB5D-CC45569DD9CB}.Development|Mixed Platforms.ActiveCfg = Debug|Any CPU
		{8791EF1A-BCFE-4A49-BB5D-CC45569DD9CB}.Development|Mixed Platforms.Build.0 = Debug|Any CPU
		{8791EF1A-BCFE-4A49-BB5D-CC45569DD9CB}.Development|Mixed Platforms.Deploy.0 = Debug|Any CPU
		{8791EF1A-BCFE-4A49-BB5D-CC45569DD9CB}.Development|x64.ActiveCfg = Debug|x64
		{8791EF1A-BCFE-4A49-BB5D-CC45569DD9CB}.Development|x64.Build.0 = Debug|x64
		{8791EF1A-BCFE-4A49-BB5D-CC45569DD9CB}.Development|x64.Deploy.0 = Debug|x64
		{8791EF1A-BCFE-4A49-BB5D-CC45569DD9CB}.Production|Any CPU.ActiveCfg = Release|Any CPU
		{8791EF1A-BCFE-4A49-BB5D-CC45569DD9CB}.Production|Any CPU.Build.0 = Release|Any CPU
		{8791EF1A-BCFE-4A49-BB5D-CC45569DD9CB}.Production|Any CPU.Deploy.0 = Release|Any CPU
		{8791EF1A-BCFE-4A49-BB5D-CC45569DD9CB}.Production|Mixed Platforms.ActiveCfg = Release|Any CPU
		{8791EF1A-BCFE-4A49-BB5D-CC45569DD9CB}.Production|Mixed Platforms.Build.0 = Release|Any CPU
		{8791EF1A-BCFE-4A49-BB5D-CC45569DD9CB}.Production|x64.ActiveCfg = Release|x64
		{8791EF1A-BCFE-4A49-BB5D-CC45569DD9CB}.Production|x64.Build.0 = Release|x64
		{8791EF1A-BCFE-4A49-BB5D-CC45569DD9CB}.Production|x64.Deploy.0 = Release|x64
		{8791EF1A-BCFE-4A49-BB5D-CC45569DD9CB}.Release|Any CPU.ActiveCfg = Release|Any CPU
		{8791EF1A-BCFE-4A49-BB5D-CC45569DD9CB}.Release|Any CPU.Build.0 = Release|Any CPU
		{8791EF1A-BCFE-4A49-BB5D-CC45569DD9CB}.Release|Any CPU.Deploy.0 = Release|Any CPU
		{8791EF1A-BCFE-4A49-BB5D-CC45569DD9CB}.Release|Mixed Platforms.ActiveCfg = Release|Any CPU
		{8791EF1A-BCFE-4A49-BB5D-CC45569DD9CB}.Release|Mixed Platforms.Build.0 = Release|Any CPU
		{8791EF1A-BCFE-4A49-BB5D-CC45569DD9CB}.Release|Mixed Platforms.Deploy.0 = Release|Any CPU
		{8791EF1A-BCFE-4A49-BB5D-CC45569DD9CB}.Release|x64.ActiveCfg = Release|Any CPU
		{8791EF1A-BCFE-4A49-BB5D-CC45569DD9CB}.Release|x64.Build.0 = Release|Any CPU
		{8791EF1A-BCFE-4A49-BB5D-CC45569DD9CB}.Release|x64.Deploy.0 = Release|Any CPU
		{8791EF1A-BCFE-4A49-BB5D-CC45569DD9CB}.Staging|Any CPU.ActiveCfg = Release|Any CPU
		{8791EF1A-BCFE-4A49-BB5D-CC45569DD9CB}.Staging|Any CPU.Build.0 = Release|Any CPU
		{8791EF1A-BCFE-4A49-BB5D-CC45569DD9CB}.Staging|Any CPU.Deploy.0 = Release|Any CPU
		{8791EF1A-BCFE-4A49-BB5D-CC45569DD9CB}.Staging|Mixed Platforms.ActiveCfg = Release|Any CPU
		{8791EF1A-BCFE-4A49-BB5D-CC45569DD9CB}.Staging|Mixed Platforms.Build.0 = Release|Any CPU
		{8791EF1A-BCFE-4A49-BB5D-CC45569DD9CB}.Staging|x64.ActiveCfg = Release|x64
		{8791EF1A-BCFE-4A49-BB5D-CC45569DD9CB}.Staging|x64.Build.0 = Release|x64
		{8791EF1A-BCFE-4A49-BB5D-CC45569DD9CB}.Staging|x64.Deploy.0 = Release|x64
		{80645896-32FE-4246-91E8-0DD99DB6537D}.Debug|Any CPU.ActiveCfg = Debug|Any CPU
		{80645896-32FE-4246-91E8-0DD99DB6537D}.Debug|Any CPU.Build.0 = Debug|Any CPU
		{80645896-32FE-4246-91E8-0DD99DB6537D}.Debug|Mixed Platforms.ActiveCfg = Debug|Any CPU
		{80645896-32FE-4246-91E8-0DD99DB6537D}.Debug|Mixed Platforms.Build.0 = Debug|Any CPU
		{80645896-32FE-4246-91E8-0DD99DB6537D}.Debug|x64.ActiveCfg = Debug|Any CPU
		{80645896-32FE-4246-91E8-0DD99DB6537D}.Development|Any CPU.ActiveCfg = Debug|Any CPU
		{80645896-32FE-4246-91E8-0DD99DB6537D}.Development|Any CPU.Build.0 = Debug|Any CPU
		{80645896-32FE-4246-91E8-0DD99DB6537D}.Development|Mixed Platforms.ActiveCfg = Debug|Any CPU
		{80645896-32FE-4246-91E8-0DD99DB6537D}.Development|Mixed Platforms.Build.0 = Debug|Any CPU
		{80645896-32FE-4246-91E8-0DD99DB6537D}.Development|x64.ActiveCfg = Debug|Any CPU
		{80645896-32FE-4246-91E8-0DD99DB6537D}.Production|Any CPU.ActiveCfg = Release|Any CPU
		{80645896-32FE-4246-91E8-0DD99DB6537D}.Production|Any CPU.Build.0 = Release|Any CPU
		{80645896-32FE-4246-91E8-0DD99DB6537D}.Production|Mixed Platforms.ActiveCfg = Release|Any CPU
		{80645896-32FE-4246-91E8-0DD99DB6537D}.Production|Mixed Platforms.Build.0 = Release|Any CPU
		{80645896-32FE-4246-91E8-0DD99DB6537D}.Production|x64.ActiveCfg = Release|Any CPU
		{80645896-32FE-4246-91E8-0DD99DB6537D}.Release|Any CPU.ActiveCfg = Release|Any CPU
		{80645896-32FE-4246-91E8-0DD99DB6537D}.Release|Any CPU.Build.0 = Release|Any CPU
		{80645896-32FE-4246-91E8-0DD99DB6537D}.Release|Mixed Platforms.ActiveCfg = Release|Any CPU
		{80645896-32FE-4246-91E8-0DD99DB6537D}.Release|Mixed Platforms.Build.0 = Release|Any CPU
		{80645896-32FE-4246-91E8-0DD99DB6537D}.Release|x64.ActiveCfg = Release|Any CPU
		{80645896-32FE-4246-91E8-0DD99DB6537D}.Staging|Any CPU.ActiveCfg = Release|Any CPU
		{80645896-32FE-4246-91E8-0DD99DB6537D}.Staging|Any CPU.Build.0 = Release|Any CPU
		{80645896-32FE-4246-91E8-0DD99DB6537D}.Staging|Mixed Platforms.ActiveCfg = Debug|Any CPU
		{80645896-32FE-4246-91E8-0DD99DB6537D}.Staging|Mixed Platforms.Build.0 = Debug|Any CPU
		{80645896-32FE-4246-91E8-0DD99DB6537D}.Staging|x64.ActiveCfg = Release|Any CPU
		{97BF9C32-1F63-41E5-93BD-468F14B6EE45}.Debug|Any CPU.ActiveCfg = Debug|Any CPU
		{97BF9C32-1F63-41E5-93BD-468F14B6EE45}.Debug|Any CPU.Build.0 = Debug|Any CPU
		{97BF9C32-1F63-41E5-93BD-468F14B6EE45}.Debug|Mixed Platforms.ActiveCfg = Debug|Any CPU
		{97BF9C32-1F63-41E5-93BD-468F14B6EE45}.Debug|Mixed Platforms.Build.0 = Debug|Any CPU
		{97BF9C32-1F63-41E5-93BD-468F14B6EE45}.Debug|x64.ActiveCfg = Debug|Any CPU
		{97BF9C32-1F63-41E5-93BD-468F14B6EE45}.Development|Any CPU.ActiveCfg = Debug|Any CPU
		{97BF9C32-1F63-41E5-93BD-468F14B6EE45}.Development|Any CPU.Build.0 = Debug|Any CPU
		{97BF9C32-1F63-41E5-93BD-468F14B6EE45}.Development|Mixed Platforms.ActiveCfg = Debug|Any CPU
		{97BF9C32-1F63-41E5-93BD-468F14B6EE45}.Development|Mixed Platforms.Build.0 = Debug|Any CPU
		{97BF9C32-1F63-41E5-93BD-468F14B6EE45}.Development|x64.ActiveCfg = Debug|Any CPU
		{97BF9C32-1F63-41E5-93BD-468F14B6EE45}.Production|Any CPU.ActiveCfg = Release|Any CPU
		{97BF9C32-1F63-41E5-93BD-468F14B6EE45}.Production|Any CPU.Build.0 = Release|Any CPU
		{97BF9C32-1F63-41E5-93BD-468F14B6EE45}.Production|Mixed Platforms.ActiveCfg = Release|Any CPU
		{97BF9C32-1F63-41E5-93BD-468F14B6EE45}.Production|Mixed Platforms.Build.0 = Release|Any CPU
		{97BF9C32-1F63-41E5-93BD-468F14B6EE45}.Production|x64.ActiveCfg = Release|Any CPU
		{97BF9C32-1F63-41E5-93BD-468F14B6EE45}.Release|Any CPU.ActiveCfg = Release|Any CPU
		{97BF9C32-1F63-41E5-93BD-468F14B6EE45}.Release|Any CPU.Build.0 = Release|Any CPU
		{97BF9C32-1F63-41E5-93BD-468F14B6EE45}.Release|Mixed Platforms.ActiveCfg = Release|Any CPU
		{97BF9C32-1F63-41E5-93BD-468F14B6EE45}.Release|Mixed Platforms.Build.0 = Release|Any CPU
		{97BF9C32-1F63-41E5-93BD-468F14B6EE45}.Release|x64.ActiveCfg = Release|Any CPU
		{97BF9C32-1F63-41E5-93BD-468F14B6EE45}.Staging|Any CPU.ActiveCfg = Release|Any CPU
		{97BF9C32-1F63-41E5-93BD-468F14B6EE45}.Staging|Any CPU.Build.0 = Release|Any CPU
		{97BF9C32-1F63-41E5-93BD-468F14B6EE45}.Staging|Mixed Platforms.ActiveCfg = Release|Any CPU
		{97BF9C32-1F63-41E5-93BD-468F14B6EE45}.Staging|Mixed Platforms.Build.0 = Release|Any CPU
		{97BF9C32-1F63-41E5-93BD-468F14B6EE45}.Staging|x64.ActiveCfg = Release|Any CPU
	EndGlobalSection
	GlobalSection(SolutionProperties) = preSolution
		HideSolutionNode = FALSE
	EndGlobalSection
EndGlobal
